
Microsoft Visual Studio Solution File, Format Version 12.00
# Visual Studio Version 16
VisualStudioVersion = 16.0.30621.155
MinimumVisualStudioVersion = 10.0.40219.1
Project("{8BC9CEB8-8B4A-11D0-8D11-00A0C91BC942}") = "I.1 Bang 8.4", "I.1 Bang 8.4\I.1 Bang 8.4.vcxproj", "{CA568C51-0E37-4D83-8383-37853D57B731}"
EndProject
Project("{8BC9CEB8-8B4A-11D0-8D11-00A0C91BC942}") = "I.1 Bang 8.5", "I.1 Bang 8.5\I.1 Bang 8.5.vcxproj", "{EE0971FB-B95A-4B74-98E4-F73E1553880E}"
EndProject
Project("{8BC9CEB8-8B4A-11D0-8D11-00A0C91BC942}") = "I.1 Bang 8.6", "I.1 Bang 8.6\I.1 Bang 8.6.vcxproj", "{890D9D6F-E2BB-42B8-9466-28C30A0BB94C}"
EndProject
Project("{8BC9CEB8-8B4A-11D0-8D11-00A0C91BC942}") = "I.1 Bang 8.7", "I.1 Bang 8.7\I.1 Bang 8.7.vcxproj", "{D23F8CC3-95AF-49C0-8407-3E32AEFD8FD4}"
EndProject
Project("{8BC9CEB8-8B4A-11D0-8D11-00A0C91BC942}") = "I.2 Bang 8.8", "I.2 Bang 8.8\I.2 Bang 8.8.vcxproj", "{417C6F4F-B6ED-4879-92C6-DA443D7FB4B1}"
EndProject
Project("{8BC9CEB8-8B4A-11D0-8D11-00A0C91BC942}") = "I.3 Bang 8.15", "I.3 Bang 8.15\I.3 Bang 8.15.vcxproj", "{81314883-B908-412E-BFED-2A7EDDC6ED59}"
EndProject
Project("{8BC9CEB8-8B4A-11D0-8D11-00A0C91BC942}") = "I.3 Bang 8.16", "I.3 Bang 8.16\I.3 Bang 8.16.vcxproj", "{1C8D5139-F6E4-4CE2-A625-D1A60E151977}"
EndProject
Project("{8BC9CEB8-8B4A-11D0-8D11-00A0C91BC942}") = "I.3 Bang 8.17", "I.3 Bang 8.17\I.3 Bang 8.17.vcxproj", "{E01DE665-6D94-483D-9781-0CA2E4FE0C79}"
EndProject
Project("{8BC9CEB8-8B4A-11D0-8D11-00A0C91BC942}") = "II.3 Bang 8.26", "II.3 Bang 8.26\II.3 Bang 8.26.vcxproj", "{0F53098F-E0FC-4FAB-BC86-E5A9F506EA78}"
EndProject
Project("{8BC9CEB8-8B4A-11D0-8D11-00A0C91BC942}") = "III.1 Bang 8.27", "III.1 Bang 8.27\III.1 Bang 8.27.vcxproj", "{BB852358-44E0-453F-BD59-6A13645A864B}"
EndProject
Project("{8BC9CEB8-8B4A-11D0-8D11-00A0C91BC942}") = "III.2 Bang 8.30", "III.2 Bang 8.30\III.2 Bang 8.30.vcxproj", "{AF0BFF0A-0905-4277-A157-9761B6983560}"
EndProject
Project("{8BC9CEB8-8B4A-11D0-8D11-00A0C91BC942}") = "III.3 Bang 8.32", "III.3 Bang 8.32\III.3 Bang 8.32.vcxproj", "{A0F4A1B4-8ECB-4B6F-9E45-BF25DDD14762}"
EndProject
Project("{8BC9CEB8-8B4A-11D0-8D11-00A0C91BC942}") = "III.4 Bang 8.33 va Bang 8.34", "III.4 Bang 8.33 va Bang 8.34\III.4 Bang 8.33 va Bang 8.34.vcxproj", "{3E57E9A9-0F38-4644-B084-E40DE21FF6C5}"
EndProject
Project("{8BC9CEB8-8B4A-11D0-8D11-00A0C91BC942}") = "III.5 Bang 8.36", "III.5 Bang 8.36\III.5 Bang 8.36.vcxproj", "{EBFEDF24-F0AD-4545-AA9F-A1A75B590D3D}"
EndProject
Project("{8BC9CEB8-8B4A-11D0-8D11-00A0C91BC942}") = "IV.1 Bang 8.40", "IV.1 Bang 8.40\IV.1 Bang 8.40.vcxproj", "{17F90B7A-E93A-4E91-A320-EC77201A61C1}"
EndProject
Project("{8BC9CEB8-8B4A-11D0-8D11-00A0C91BC942}") = "IV.2 Bang 8.44", "IV.2 Bang 8.44\IV.2 Bang 8.44.vcxproj", "{0375CA0A-B7D7-49C8-B00F-F8EF81FDE290}"
EndProject
Project("{8BC9CEB8-8B4A-11D0-8D11-00A0C91BC942}") = "V.3 Bang 8.55", "V.3 Thao tac tren mang hai chieu\V.3 Thao tac tren mang hai chieu.vcxproj", "{7B275469-CA24-4CF3-8F43-CBBEAA534E0B}"
EndProject
Project("{8BC9CEB8-8B4A-11D0-8D11-00A0C91BC942}") = "V.3 Bang 8.56", "V.3 Bang 8.56\V.3 Bang 8.56.vcxproj", "{6EAA6A10-B79A-46C1-8256-A0B1CD1BD078}"
EndProject
Global
	GlobalSection(SolutionConfigurationPlatforms) = preSolution
		Debug|x64 = Debug|x64
		Debug|x86 = Debug|x86
		Release|x64 = Release|x64
		Release|x86 = Release|x86
	EndGlobalSection
	GlobalSection(ProjectConfigurationPlatforms) = postSolution
		{CA568C51-0E37-4D83-8383-37853D57B731}.Debug|x64.ActiveCfg = Debug|x64
		{CA568C51-0E37-4D83-8383-37853D57B731}.Debug|x64.Build.0 = Debug|x64
		{CA568C51-0E37-4D83-8383-37853D57B731}.Debug|x86.ActiveCfg = Debug|Win32
		{CA568C51-0E37-4D83-8383-37853D57B731}.Debug|x86.Build.0 = Debug|Win32
		{CA568C51-0E37-4D83-8383-37853D57B731}.Release|x64.ActiveCfg = Release|x64
		{CA568C51-0E37-4D83-8383-37853D57B731}.Release|x64.Build.0 = Release|x64
		{CA568C51-0E37-4D83-8383-37853D57B731}.Release|x86.ActiveCfg = Release|Win32
		{CA568C51-0E37-4D83-8383-37853D57B731}.Release|x86.Build.0 = Release|Win32
		{EE0971FB-B95A-4B74-98E4-F73E1553880E}.Debug|x64.ActiveCfg = Debug|x64
		{EE0971FB-B95A-4B74-98E4-F73E1553880E}.Debug|x64.Build.0 = Debug|x64
		{EE0971FB-B95A-4B74-98E4-F73E1553880E}.Debug|x86.ActiveCfg = Debug|Win32
		{EE0971FB-B95A-4B74-98E4-F73E1553880E}.Debug|x86.Build.0 = Debug|Win32
		{EE0971FB-B95A-4B74-98E4-F73E1553880E}.Release|x64.ActiveCfg = Release|x64
		{EE0971FB-B95A-4B74-98E4-F73E1553880E}.Release|x64.Build.0 = Release|x64
		{EE0971FB-B95A-4B74-98E4-F73E1553880E}.Release|x86.ActiveCfg = Release|Win32
		{EE0971FB-B95A-4B74-98E4-F73E1553880E}.Release|x86.Build.0 = Release|Win32
		{890D9D6F-E2BB-42B8-9466-28C30A0BB94C}.Debug|x64.ActiveCfg = Debug|x64
		{890D9D6F-E2BB-42B8-9466-28C30A0BB94C}.Debug|x64.Build.0 = Debug|x64
		{890D9D6F-E2BB-42B8-9466-28C30A0BB94C}.Debug|x86.ActiveCfg = Debug|Win32
		{890D9D6F-E2BB-42B8-9466-28C30A0BB94C}.Debug|x86.Build.0 = Debug|Win32
		{890D9D6F-E2BB-42B8-9466-28C30A0BB94C}.Release|x64.ActiveCfg = Release|x64
		{890D9D6F-E2BB-42B8-9466-28C30A0BB94C}.Release|x64.Build.0 = Release|x64
		{890D9D6F-E2BB-42B8-9466-28C30A0BB94C}.Release|x86.ActiveCfg = Release|Win32
		{890D9D6F-E2BB-42B8-9466-28C30A0BB94C}.Release|x86.Build.0 = Release|Win32
		{D23F8CC3-95AF-49C0-8407-3E32AEFD8FD4}.Debug|x64.ActiveCfg = Debug|x64
		{D23F8CC3-95AF-49C0-8407-3E32AEFD8FD4}.Debug|x64.Build.0 = Debug|x64
		{D23F8CC3-95AF-49C0-8407-3E32AEFD8FD4}.Debug|x86.ActiveCfg = Debug|Win32
		{D23F8CC3-95AF-49C0-8407-3E32AEFD8FD4}.Debug|x86.Build.0 = Debug|Win32
		{D23F8CC3-95AF-49C0-8407-3E32AEFD8FD4}.Release|x64.ActiveCfg = Release|x64
		{D23F8CC3-95AF-49C0-8407-3E32AEFD8FD4}.Release|x64.Build.0 = Release|x64
		{D23F8CC3-95AF-49C0-8407-3E32AEFD8FD4}.Release|x86.ActiveCfg = Release|Win32
		{D23F8CC3-95AF-49C0-8407-3E32AEFD8FD4}.Release|x86.Build.0 = Release|Win32
		{417C6F4F-B6ED-4879-92C6-DA443D7FB4B1}.Debug|x64.ActiveCfg = Debug|x64
		{417C6F4F-B6ED-4879-92C6-DA443D7FB4B1}.Debug|x64.Build.0 = Debug|x64
		{417C6F4F-B6ED-4879-92C6-DA443D7FB4B1}.Debug|x86.ActiveCfg = Debug|Win32
		{417C6F4F-B6ED-4879-92C6-DA443D7FB4B1}.Debug|x86.Build.0 = Debug|Win32
		{417C6F4F-B6ED-4879-92C6-DA443D7FB4B1}.Release|x64.ActiveCfg = Release|x64
		{417C6F4F-B6ED-4879-92C6-DA443D7FB4B1}.Release|x64.Build.0 = Release|x64
		{417C6F4F-B6ED-4879-92C6-DA443D7FB4B1}.Release|x86.ActiveCfg = Release|Win32
		{417C6F4F-B6ED-4879-92C6-DA443D7FB4B1}.Release|x86.Build.0 = Release|Win32
		{81314883-B908-412E-BFED-2A7EDDC6ED59}.Debug|x64.ActiveCfg = Debug|x64
		{81314883-B908-412E-BFED-2A7EDDC6ED59}.Debug|x64.Build.0 = Debug|x64
		{81314883-B908-412E-BFED-2A7EDDC6ED59}.Debug|x86.ActiveCfg = Debug|Win32
		{81314883-B908-412E-BFED-2A7EDDC6ED59}.Debug|x86.Build.0 = Debug|Win32
		{81314883-B908-412E-BFED-2A7EDDC6ED59}.Release|x64.ActiveCfg = Release|x64
		{81314883-B908-412E-BFED-2A7EDDC6ED59}.Release|x64.Build.0 = Release|x64
		{81314883-B908-412E-BFED-2A7EDDC6ED59}.Release|x86.ActiveCfg = Release|Win32
		{81314883-B908-412E-BFED-2A7EDDC6ED59}.Release|x86.Build.0 = Release|Win32
		{1C8D5139-F6E4-4CE2-A625-D1A60E151977}.Debug|x64.ActiveCfg = Debug|x64
		{1C8D5139-F6E4-4CE2-A625-D1A60E151977}.Debug|x64.Build.0 = Debug|x64
		{1C8D5139-F6E4-4CE2-A625-D1A60E151977}.Debug|x86.ActiveCfg = Debug|Win32
		{1C8D5139-F6E4-4CE2-A625-D1A60E151977}.Debug|x86.Build.0 = Debug|Win32
		{1C8D5139-F6E4-4CE2-A625-D1A60E151977}.Release|x64.ActiveCfg = Release|x64
		{1C8D5139-F6E4-4CE2-A625-D1A60E151977}.Release|x64.Build.0 = Release|x64
		{1C8D5139-F6E4-4CE2-A625-D1A60E151977}.Release|x86.ActiveCfg = Release|Win32
		{1C8D5139-F6E4-4CE2-A625-D1A60E151977}.Release|x86.Build.0 = Release|Win32
		{E01DE665-6D94-483D-9781-0CA2E4FE0C79}.Debug|x64.ActiveCfg = Debug|x64
		{E01DE665-6D94-483D-9781-0CA2E4FE0C79}.Debug|x64.Build.0 = Debug|x64
		{E01DE665-6D94-483D-9781-0CA2E4FE0C79}.Debug|x86.ActiveCfg = Debug|Win32
		{E01DE665-6D94-483D-9781-0CA2E4FE0C79}.Debug|x86.Build.0 = Debug|Win32
		{E01DE665-6D94-483D-9781-0CA2E4FE0C79}.Release|x64.ActiveCfg = Release|x64
		{E01DE665-6D94-483D-9781-0CA2E4FE0C79}.Release|x64.Build.0 = Release|x64
		{E01DE665-6D94-483D-9781-0CA2E4FE0C79}.Release|x86.ActiveCfg = Release|Win32
		{E01DE665-6D94-483D-9781-0CA2E4FE0C79}.Release|x86.Build.0 = Release|Win32
		{0F53098F-E0FC-4FAB-BC86-E5A9F506EA78}.Debug|x64.ActiveCfg = Debug|x64
		{0F53098F-E0FC-4FAB-BC86-E5A9F506EA78}.Debug|x64.Build.0 = Debug|x64
		{0F53098F-E0FC-4FAB-BC86-E5A9F506EA78}.Debug|x86.ActiveCfg = Debug|Win32
		{0F53098F-E0FC-4FAB-BC86-E5A9F506EA78}.Debug|x86.Build.0 = Debug|Win32
		{0F53098F-E0FC-4FAB-BC86-E5A9F506EA78}.Release|x64.ActiveCfg = Release|x64
		{0F53098F-E0FC-4FAB-BC86-E5A9F506EA78}.Release|x64.Build.0 = Release|x64
		{0F53098F-E0FC-4FAB-BC86-E5A9F506EA78}.Release|x86.ActiveCfg = Release|Win32
		{0F53098F-E0FC-4FAB-BC86-E5A9F506EA78}.Release|x86.Build.0 = Release|Win32
		{BB852358-44E0-453F-BD59-6A13645A864B}.Debug|x64.ActiveCfg = Debug|x64
		{BB852358-44E0-453F-BD59-6A13645A864B}.Debug|x64.Build.0 = Debug|x64
		{BB852358-44E0-453F-BD59-6A13645A864B}.Debug|x86.ActiveCfg = Debug|Win32
		{BB852358-44E0-453F-BD59-6A13645A864B}.Debug|x86.Build.0 = Debug|Win32
		{BB852358-44E0-453F-BD59-6A13645A864B}.Release|x64.ActiveCfg = Release|x64
		{BB852358-44E0-453F-BD59-6A13645A864B}.Release|x64.Build.0 = Release|x64
		{BB852358-44E0-453F-BD59-6A13645A864B}.Release|x86.ActiveCfg = Release|Win32
		{BB852358-44E0-453F-BD59-6A13645A864B}.Release|x86.Build.0 = Release|Win32
		{AF0BFF0A-0905-4277-A157-9761B6983560}.Debug|x64.ActiveCfg = Debug|x64
		{AF0BFF0A-0905-4277-A157-9761B6983560}.Debug|x64.Build.0 = Debug|x64
		{AF0BFF0A-0905-4277-A157-9761B6983560}.Debug|x86.ActiveCfg = Debug|Win32
		{AF0BFF0A-0905-4277-A157-9761B6983560}.Debug|x86.Build.0 = Debug|Win32
		{AF0BFF0A-0905-4277-A157-9761B6983560}.Release|x64.ActiveCfg = Release|x64
		{AF0BFF0A-0905-4277-A157-9761B6983560}.Release|x64.Build.0 = Release|x64
		{AF0BFF0A-0905-4277-A157-9761B6983560}.Release|x86.ActiveCfg = Release|Win32
		{AF0BFF0A-0905-4277-A157-9761B6983560}.Release|x86.Build.0 = Release|Win32
		{A0F4A1B4-8ECB-4B6F-9E45-BF25DDD14762}.Debug|x64.ActiveCfg = Debug|x64
		{A0F4A1B4-8ECB-4B6F-9E45-BF25DDD14762}.Debug|x64.Build.0 = Debug|x64
		{A0F4A1B4-8ECB-4B6F-9E45-BF25DDD14762}.Debug|x86.ActiveCfg = Debug|Win32
		{A0F4A1B4-8ECB-4B6F-9E45-BF25DDD14762}.Debug|x86.Build.0 = Debug|Win32
		{A0F4A1B4-8ECB-4B6F-9E45-BF25DDD14762}.Release|x64.ActiveCfg = Release|x64
		{A0F4A1B4-8ECB-4B6F-9E45-BF25DDD14762}.Release|x64.Build.0 = Release|x64
		{A0F4A1B4-8ECB-4B6F-9E45-BF25DDD14762}.Release|x86.ActiveCfg = Release|Win32
		{A0F4A1B4-8ECB-4B6F-9E45-BF25DDD14762}.Release|x86.Build.0 = Release|Win32
		{3E57E9A9-0F38-4644-B084-E40DE21FF6C5}.Debug|x64.ActiveCfg = Debug|x64
		{3E57E9A9-0F38-4644-B084-E40DE21FF6C5}.Debug|x64.Build.0 = Debug|x64
		{3E57E9A9-0F38-4644-B084-E40DE21FF6C5}.Debug|x86.ActiveCfg = Debug|Win32
		{3E57E9A9-0F38-4644-B084-E40DE21FF6C5}.Debug|x86.Build.0 = Debug|Win32
		{3E57E9A9-0F38-4644-B084-E40DE21FF6C5}.Release|x64.ActiveCfg = Release|x64
		{3E57E9A9-0F38-4644-B084-E40DE21FF6C5}.Release|x64.Build.0 = Release|x64
		{3E57E9A9-0F38-4644-B084-E40DE21FF6C5}.Release|x86.ActiveCfg = Release|Win32
		{3E57E9A9-0F38-4644-B084-E40DE21FF6C5}.Release|x86.Build.0 = Release|Win32
		{EBFEDF24-F0AD-4545-AA9F-A1A75B590D3D}.Debug|x64.ActiveCfg = Debug|x64
		{EBFEDF24-F0AD-4545-AA9F-A1A75B590D3D}.Debug|x64.Build.0 = Debug|x64
		{EBFEDF24-F0AD-4545-AA9F-A1A75B590D3D}.Debug|x86.ActiveCfg = Debug|Win32
		{EBFEDF24-F0AD-4545-AA9F-A1A75B590D3D}.Debug|x86.Build.0 = Debug|Win32
		{EBFEDF24-F0AD-4545-AA9F-A1A75B590D3D}.Release|x64.ActiveCfg = Release|x64
		{EBFEDF24-F0AD-4545-AA9F-A1A75B590D3D}.Release|x64.Build.0 = Release|x64
		{EBFEDF24-F0AD-4545-AA9F-A1A75B590D3D}.Release|x86.ActiveCfg = Release|Win32
		{EBFEDF24-F0AD-4545-AA9F-A1A75B590D3D}.Release|x86.Build.0 = Release|Win32
		{17F90B7A-E93A-4E91-A320-EC77201A61C1}.Debug|x64.ActiveCfg = Debug|x64
		{17F90B7A-E93A-4E91-A320-EC77201A61C1}.Debug|x64.Build.0 = Debug|x64
		{17F90B7A-E93A-4E91-A320-EC77201A61C1}.Debug|x86.ActiveCfg = Debug|Win32
		{17F90B7A-E93A-4E91-A320-EC77201A61C1}.Debug|x86.Build.0 = Debug|Win32
		{17F90B7A-E93A-4E91-A320-EC77201A61C1}.Release|x64.ActiveCfg = Release|x64
		{17F90B7A-E93A-4E91-A320-EC77201A61C1}.Release|x64.Build.0 = Release|x64
		{17F90B7A-E93A-4E91-A320-EC77201A61C1}.Release|x86.ActiveCfg = Release|Win32
		{17F90B7A-E93A-4E91-A320-EC77201A61C1}.Release|x86.Build.0 = Release|Win32
		{0375CA0A-B7D7-49C8-B00F-F8EF81FDE290}.Debug|x64.ActiveCfg = Debug|x64
		{0375CA0A-B7D7-49C8-B00F-F8EF81FDE290}.Debug|x64.Build.0 = Debug|x64
		{0375CA0A-B7D7-49C8-B00F-F8EF81FDE290}.Debug|x86.ActiveCfg = Debug|Win32
		{0375CA0A-B7D7-49C8-B00F-F8EF81FDE290}.Debug|x86.Build.0 = Debug|Win32
		{0375CA0A-B7D7-49C8-B00F-F8EF81FDE290}.Release|x64.ActiveCfg = Release|x64
		{0375CA0A-B7D7-49C8-B00F-F8EF81FDE290}.Release|x64.Build.0 = Release|x64
		{0375CA0A-B7D7-49C8-B00F-F8EF81FDE290}.Release|x86.ActiveCfg = Release|Win32
		{0375CA0A-B7D7-49C8-B00F-F8EF81FDE290}.Release|x86.Build.0 = Release|Win32
		{7B275469-CA24-4CF3-8F43-CBBEAA534E0B}.Debug|x64.ActiveCfg = Debug|x64
		{7B275469-CA24-4CF3-8F43-CBBEAA534E0B}.Debug|x64.Build.0 = Debug|x64
		{7B275469-CA24-4CF3-8F43-CBBEAA534E0B}.Debug|x86.ActiveCfg = Debug|Win32
		{7B275469-CA24-4CF3-8F43-CBBEAA534E0B}.Debug|x86.Build.0 = Debug|Win32
		{7B275469-CA24-4CF3-8F43-CBBEAA534E0B}.Release|x64.ActiveCfg = Release|x64
		{7B275469-CA24-4CF3-8F43-CBBEAA534E0B}.Release|x64.Build.0 = Release|x64
		{7B275469-CA24-4CF3-8F43-CBBEAA534E0B}.Release|x86.ActiveCfg = Release|Win32
		{7B275469-CA24-4CF3-8F43-CBBEAA534E0B}.Release|x86.Build.0 = Release|Win32
		{6EAA6A10-B79A-46C1-8256-A0B1CD1BD078}.Debug|x64.ActiveCfg = Debug|x64
		{6EAA6A10-B79A-46C1-8256-A0B1CD1BD078}.Debug|x64.Build.0 = Debug|x64
		{6EAA6A10-B79A-46C1-8256-A0B1CD1BD078}.Debug|x86.ActiveCfg = Debug|Win32
		{6EAA6A10-B79A-46C1-8256-A0B1CD1BD078}.Debug|x86.Build.0 = Debug|Win32
		{6EAA6A10-B79A-46C1-8256-A0B1CD1BD078}.Release|x64.ActiveCfg = Release|x64
		{6EAA6A10-B79A-46C1-8256-A0B1CD1BD078}.Release|x64.Build.0 = Release|x64
		{6EAA6A10-B79A-46C1-8256-A0B1CD1BD078}.Release|x86.ActiveCfg = Release|Win32
		{6EAA6A10-B79A-46C1-8256-A0B1CD1BD078}.Release|x86.Build.0 = Release|Win32
	EndGlobalSection
	GlobalSection(SolutionProperties) = preSolution
		HideSolutionNode = FALSE
	EndGlobalSection
	GlobalSection(ExtensibilityGlobals) = postSolution
		SolutionGuid = {C3A48FD8-9735-43CE-91C4-ADAC36047041}
	EndGlobalSection
EndGlobal
