
Microsoft Visual Studio Solution File, Format Version 12.00
# Visual Studio Version 16
VisualStudioVersion = 16.0.30621.155
MinimumVisualStudioVersion = 10.0.40219.1
Project("{8BC9CEB8-8B4A-11D0-8D11-00A0C91BC942}") = "I.2 Bang 4.2", "I.2\I.2.vcxproj", "{07CA7395-4B26-4512-B1C4-3AFFE85DF12E}"
EndProject
Project("{8BC9CEB8-8B4A-11D0-8D11-00A0C91BC942}") = "I.2 Bang 4.3", "I.2 Bang 4.3\I.2 Bang 4.3.vcxproj", "{E28CEA57-9452-4F69-9454-D56F0D531311}"
EndProject
Project("{8BC9CEB8-8B4A-11D0-8D11-00A0C91BC942}") = "III Bang 4.10", "III Bang 4.10\III Bang 4.10.vcxproj", "{D1DE5620-7181-4F16-A62B-73353B47058D}"
EndProject
Project("{8BC9CEB8-8B4A-11D0-8D11-00A0C91BC942}") = "IV. Bang 4.11", "V.1 Bang 4.11\V.1 Bang 4.11.vcxproj", "{A5E33FFD-5863-410A-8F25-CAEC66BB1209}"
EndProject
Project("{8BC9CEB8-8B4A-11D0-8D11-00A0C91BC942}") = "IV.2 Bang 4.13, Bang 4.15, Bang 4.17", "IV.2 Bang 4.13\IV.2 Bang 4.13.vcxproj", "{09244290-E3A7-430E-BD33-35A835D2D9BB}"
EndProject
Project("{8BC9CEB8-8B4A-11D0-8D11-00A0C91BC942}") = "IV.3 Bang 4.18", "IV.3 Bang 4.18\IV.3 Bang 4.18.vcxproj", "{0D6E4EF9-2A9E-4246-9C21-C02BDF23836D}"
EndProject
Project("{8BC9CEB8-8B4A-11D0-8D11-00A0C91BC942}") = "V.1 Bang 4.19", "V.1 Bang 4.19\V.1 Bang 4.19.vcxproj", "{E164BC17-FE9E-48D0-A961-7D88425031D4}"
EndProject
Project("{8BC9CEB8-8B4A-11D0-8D11-00A0C91BC942}") = "V.1 Bang 4.20", "V.1 Bang 4.20\V.1 Bang 4.20.vcxproj", "{A7689246-E716-4F49-ABC9-3C71B70782D8}"
EndProject
Project("{8BC9CEB8-8B4A-11D0-8D11-00A0C91BC942}") = "V.2 Bang 4.21", "V.2 Bang 4.21\V.2 Bang 4.21.vcxproj", "{D2412146-03AC-42E1-B36E-C42C8F82114F}"
EndProject
Project("{8BC9CEB8-8B4A-11D0-8D11-00A0C91BC942}") = "V.3 Bang 4.24", "V.3 Bang 4.24\V.3 Bang 4.24.vcxproj", "{6EB4B082-C139-466D-9205-543715A6C52C}"
EndProject
Project("{8BC9CEB8-8B4A-11D0-8D11-00A0C91BC942}") = "V.4 Bang 4.26", "V.4 Bang 4.25\V.4 Bang 4.25.vcxproj", "{6A2E898B-29EB-46A7-AE93-6C065786FC52}"
EndProject
Project("{8BC9CEB8-8B4A-11D0-8D11-00A0C91BC942}") = "VI.2 Bang 4.27 den 4.31", "VI.2\VI.2.vcxproj", "{0AE4D40D-B7D2-43CA-9C89-8B7DCFEA8220}"
EndProject
Project("{8BC9CEB8-8B4A-11D0-8D11-00A0C91BC942}") = "VII. Bang 4.34", "VII. Bang 4.34\VII. Bang 4.34.vcxproj", "{ED5393C8-CD9F-43E5-91BE-268E09ED9E6C}"
EndProject
Global
	GlobalSection(SolutionConfigurationPlatforms) = preSolution
		Debug|x64 = Debug|x64
		Debug|x86 = Debug|x86
		Release|x64 = Release|x64
		Release|x86 = Release|x86
	EndGlobalSection
	GlobalSection(ProjectConfigurationPlatforms) = postSolution
		{07CA7395-4B26-4512-B1C4-3AFFE85DF12E}.Debug|x64.ActiveCfg = Debug|x64
		{07CA7395-4B26-4512-B1C4-3AFFE85DF12E}.Debug|x64.Build.0 = Debug|x64
		{07CA7395-4B26-4512-B1C4-3AFFE85DF12E}.Debug|x86.ActiveCfg = Debug|Win32
		{07CA7395-4B26-4512-B1C4-3AFFE85DF12E}.Debug|x86.Build.0 = Debug|Win32
		{07CA7395-4B26-4512-B1C4-3AFFE85DF12E}.Release|x64.ActiveCfg = Release|x64
		{07CA7395-4B26-4512-B1C4-3AFFE85DF12E}.Release|x64.Build.0 = Release|x64
		{07CA7395-4B26-4512-B1C4-3AFFE85DF12E}.Release|x86.ActiveCfg = Release|Win32
		{07CA7395-4B26-4512-B1C4-3AFFE85DF12E}.Release|x86.Build.0 = Release|Win32
		{E28CEA57-9452-4F69-9454-D56F0D531311}.Debug|x64.ActiveCfg = Debug|x64
		{E28CEA57-9452-4F69-9454-D56F0D531311}.Debug|x64.Build.0 = Debug|x64
		{E28CEA57-9452-4F69-9454-D56F0D531311}.Debug|x86.ActiveCfg = Debug|Win32
		{E28CEA57-9452-4F69-9454-D56F0D531311}.Debug|x86.Build.0 = Debug|Win32
		{E28CEA57-9452-4F69-9454-D56F0D531311}.Release|x64.ActiveCfg = Release|x64
		{E28CEA57-9452-4F69-9454-D56F0D531311}.Release|x64.Build.0 = Release|x64
		{E28CEA57-9452-4F69-9454-D56F0D531311}.Release|x86.ActiveCfg = Release|Win32
		{E28CEA57-9452-4F69-9454-D56F0D531311}.Release|x86.Build.0 = Release|Win32
		{D1DE5620-7181-4F16-A62B-73353B47058D}.Debug|x64.ActiveCfg = Debug|x64
		{D1DE5620-7181-4F16-A62B-73353B47058D}.Debug|x64.Build.0 = Debug|x64
		{D1DE5620-7181-4F16-A62B-73353B47058D}.Debug|x86.ActiveCfg = Debug|Win32
		{D1DE5620-7181-4F16-A62B-73353B47058D}.Debug|x86.Build.0 = Debug|Win32
		{D1DE5620-7181-4F16-A62B-73353B47058D}.Release|x64.ActiveCfg = Release|x64
		{D1DE5620-7181-4F16-A62B-73353B47058D}.Release|x64.Build.0 = Release|x64
		{D1DE5620-7181-4F16-A62B-73353B47058D}.Release|x86.ActiveCfg = Release|Win32
		{D1DE5620-7181-4F16-A62B-73353B47058D}.Release|x86.Build.0 = Release|Win32
		{A5E33FFD-5863-410A-8F25-CAEC66BB1209}.Debug|x64.ActiveCfg = Debug|x64
		{A5E33FFD-5863-410A-8F25-CAEC66BB1209}.Debug|x64.Build.0 = Debug|x64
		{A5E33FFD-5863-410A-8F25-CAEC66BB1209}.Debug|x86.ActiveCfg = Debug|Win32
		{A5E33FFD-5863-410A-8F25-CAEC66BB1209}.Debug|x86.Build.0 = Debug|Win32
		{A5E33FFD-5863-410A-8F25-CAEC66BB1209}.Release|x64.ActiveCfg = Release|x64
		{A5E33FFD-5863-410A-8F25-CAEC66BB1209}.Release|x64.Build.0 = Release|x64
		{A5E33FFD-5863-410A-8F25-CAEC66BB1209}.Release|x86.ActiveCfg = Release|Win32
		{A5E33FFD-5863-410A-8F25-CAEC66BB1209}.Release|x86.Build.0 = Release|Win32
		{09244290-E3A7-430E-BD33-35A835D2D9BB}.Debug|x64.ActiveCfg = Debug|x64
		{09244290-E3A7-430E-BD33-35A835D2D9BB}.Debug|x64.Build.0 = Debug|x64
		{09244290-E3A7-430E-BD33-35A835D2D9BB}.Debug|x86.ActiveCfg = Debug|Win32
		{09244290-E3A7-430E-BD33-35A835D2D9BB}.Debug|x86.Build.0 = Debug|Win32
		{09244290-E3A7-430E-BD33-35A835D2D9BB}.Release|x64.ActiveCfg = Release|x64
		{09244290-E3A7-430E-BD33-35A835D2D9BB}.Release|x64.Build.0 = Release|x64
		{09244290-E3A7-430E-BD33-35A835D2D9BB}.Release|x86.ActiveCfg = Release|Win32
		{09244290-E3A7-430E-BD33-35A835D2D9BB}.Release|x86.Build.0 = Release|Win32
		{0D6E4EF9-2A9E-4246-9C21-C02BDF23836D}.Debug|x64.ActiveCfg = Debug|x64
		{0D6E4EF9-2A9E-4246-9C21-C02BDF23836D}.Debug|x64.Build.0 = Debug|x64
		{0D6E4EF9-2A9E-4246-9C21-C02BDF23836D}.Debug|x86.ActiveCfg = Debug|Win32
		{0D6E4EF9-2A9E-4246-9C21-C02BDF23836D}.Debug|x86.Build.0 = Debug|Win32
		{0D6E4EF9-2A9E-4246-9C21-C02BDF23836D}.Release|x64.ActiveCfg = Release|x64
		{0D6E4EF9-2A9E-4246-9C21-C02BDF23836D}.Release|x64.Build.0 = Release|x64
		{0D6E4EF9-2A9E-4246-9C21-C02BDF23836D}.Release|x86.ActiveCfg = Release|Win32
		{0D6E4EF9-2A9E-4246-9C21-C02BDF23836D}.Release|x86.Build.0 = Release|Win32
		{E164BC17-FE9E-48D0-A961-7D88425031D4}.Debug|x64.ActiveCfg = Debug|x64
		{E164BC17-FE9E-48D0-A961-7D88425031D4}.Debug|x64.Build.0 = Debug|x64
		{E164BC17-FE9E-48D0-A961-7D88425031D4}.Debug|x86.ActiveCfg = Debug|Win32
		{E164BC17-FE9E-48D0-A961-7D88425031D4}.Debug|x86.Build.0 = Debug|Win32
		{E164BC17-FE9E-48D0-A961-7D88425031D4}.Release|x64.ActiveCfg = Release|x64
		{E164BC17-FE9E-48D0-A961-7D88425031D4}.Release|x64.Build.0 = Release|x64
		{E164BC17-FE9E-48D0-A961-7D88425031D4}.Release|x86.ActiveCfg = Release|Win32
		{E164BC17-FE9E-48D0-A961-7D88425031D4}.Release|x86.Build.0 = Release|Win32
		{A7689246-E716-4F49-ABC9-3C71B70782D8}.Debug|x64.ActiveCfg = Debug|x64
		{A7689246-E716-4F49-ABC9-3C71B70782D8}.Debug|x64.Build.0 = Debug|x64
		{A7689246-E716-4F49-ABC9-3C71B70782D8}.Debug|x86.ActiveCfg = Debug|Win32
		{A7689246-E716-4F49-ABC9-3C71B70782D8}.Debug|x86.Build.0 = Debug|Win32
		{A7689246-E716-4F49-ABC9-3C71B70782D8}.Release|x64.ActiveCfg = Release|x64
		{A7689246-E716-4F49-ABC9-3C71B70782D8}.Release|x64.Build.0 = Release|x64
		{A7689246-E716-4F49-ABC9-3C71B70782D8}.Release|x86.ActiveCfg = Release|Win32
		{A7689246-E716-4F49-ABC9-3C71B70782D8}.Release|x86.Build.0 = Release|Win32
		{D2412146-03AC-42E1-B36E-C42C8F82114F}.Debug|x64.ActiveCfg = Debug|x64
		{D2412146-03AC-42E1-B36E-C42C8F82114F}.Debug|x64.Build.0 = Debug|x64
		{D2412146-03AC-42E1-B36E-C42C8F82114F}.Debug|x86.ActiveCfg = Debug|Win32
		{D2412146-03AC-42E1-B36E-C42C8F82114F}.Debug|x86.Build.0 = Debug|Win32
		{D2412146-03AC-42E1-B36E-C42C8F82114F}.Release|x64.ActiveCfg = Release|x64
		{D2412146-03AC-42E1-B36E-C42C8F82114F}.Release|x64.Build.0 = Release|x64
		{D2412146-03AC-42E1-B36E-C42C8F82114F}.Release|x86.ActiveCfg = Release|Win32
		{D2412146-03AC-42E1-B36E-C42C8F82114F}.Release|x86.Build.0 = Release|Win32
		{6EB4B082-C139-466D-9205-543715A6C52C}.Debug|x64.ActiveCfg = Debug|x64
		{6EB4B082-C139-466D-9205-543715A6C52C}.Debug|x64.Build.0 = Debug|x64
		{6EB4B082-C139-466D-9205-543715A6C52C}.Debug|x86.ActiveCfg = Debug|Win32
		{6EB4B082-C139-466D-9205-543715A6C52C}.Debug|x86.Build.0 = Debug|Win32
		{6EB4B082-C139-466D-9205-543715A6C52C}.Release|x64.ActiveCfg = Release|x64
		{6EB4B082-C139-466D-9205-543715A6C52C}.Release|x64.Build.0 = Release|x64
		{6EB4B082-C139-466D-9205-543715A6C52C}.Release|x86.ActiveCfg = Release|Win32
		{6EB4B082-C139-466D-9205-543715A6C52C}.Release|x86.Build.0 = Release|Win32
		{6A2E898B-29EB-46A7-AE93-6C065786FC52}.Debug|x64.ActiveCfg = Debug|x64
		{6A2E898B-29EB-46A7-AE93-6C065786FC52}.Debug|x64.Build.0 = Debug|x64
		{6A2E898B-29EB-46A7-AE93-6C065786FC52}.Debug|x86.ActiveCfg = Debug|Win32
		{6A2E898B-29EB-46A7-AE93-6C065786FC52}.Debug|x86.Build.0 = Debug|Win32
		{6A2E898B-29EB-46A7-AE93-6C065786FC52}.Release|x64.ActiveCfg = Release|x64
		{6A2E898B-29EB-46A7-AE93-6C065786FC52}.Release|x64.Build.0 = Release|x64
		{6A2E898B-29EB-46A7-AE93-6C065786FC52}.Release|x86.ActiveCfg = Release|Win32
		{6A2E898B-29EB-46A7-AE93-6C065786FC52}.Release|x86.Build.0 = Release|Win32
		{0AE4D40D-B7D2-43CA-9C89-8B7DCFEA8220}.Debug|x64.ActiveCfg = Debug|x64
		{0AE4D40D-B7D2-43CA-9C89-8B7DCFEA8220}.Debug|x64.Build.0 = Debug|x64
		{0AE4D40D-B7D2-43CA-9C89-8B7DCFEA8220}.Debug|x86.ActiveCfg = Debug|Win32
		{0AE4D40D-B7D2-43CA-9C89-8B7DCFEA8220}.Debug|x86.Build.0 = Debug|Win32
		{0AE4D40D-B7D2-43CA-9C89-8B7DCFEA8220}.Release|x64.ActiveCfg = Release|x64
		{0AE4D40D-B7D2-43CA-9C89-8B7DCFEA8220}.Release|x64.Build.0 = Release|x64
		{0AE4D40D-B7D2-43CA-9C89-8B7DCFEA8220}.Release|x86.ActiveCfg = Release|Win32
		{0AE4D40D-B7D2-43CA-9C89-8B7DCFEA8220}.Release|x86.Build.0 = Release|Win32
		{ED5393C8-CD9F-43E5-91BE-268E09ED9E6C}.Debug|x64.ActiveCfg = Debug|x64
		{ED5393C8-CD9F-43E5-91BE-268E09ED9E6C}.Debug|x64.Build.0 = Debug|x64
		{ED5393C8-CD9F-43E5-91BE-268E09ED9E6C}.Debug|x86.ActiveCfg = Debug|Win32
		{ED5393C8-CD9F-43E5-91BE-268E09ED9E6C}.Debug|x86.Build.0 = Debug|Win32
		{ED5393C8-CD9F-43E5-91BE-268E09ED9E6C}.Release|x64.ActiveCfg = Release|x64
		{ED5393C8-CD9F-43E5-91BE-268E09ED9E6C}.Release|x64.Build.0 = Release|x64
		{ED5393C8-CD9F-43E5-91BE-268E09ED9E6C}.Release|x86.ActiveCfg = Release|Win32
		{ED5393C8-CD9F-43E5-91BE-268E09ED9E6C}.Release|x86.Build.0 = Release|Win32
	EndGlobalSection
	GlobalSection(SolutionProperties) = preSolution
		HideSolutionNode = FALSE
	EndGlobalSection
	GlobalSection(ExtensibilityGlobals) = postSolution
		SolutionGuid = {B0DBE15A-A912-4274-9632-46FEA7137FE3}
	EndGlobalSection
EndGlobal
